{
  "name": "5.-famous-quote-2",
  "version": "1.0.0",
  "lockfileVersion": 3,
  "requires": true,
  "packages": {
    "": {
      "name": "5.-famous-quote-2",
      "version": "1.0.0",
      "license": "ISC",
      "devDependencies": {
        "@types/code": "^4.0.8",
        "@types/node": "^20.11.25"
      }
    },
    "node_modules/@types/code": {
      "version": "4.0.8",
      "resolved": "https://registry.npmjs.org/@types/code/-/code-4.0.8.tgz",
      "integrity": "sha512-eOxey9CsajWlP0h66P2ZaGHoGx0CpjNHlgirEFctZYDQ3frlIoHp/yV5Nq8cQMjKNvs5hySCE2JtFEvhXpOj6g==",
      "dev": true
    },
    "node_modules/@types/node": {
      "version": "20.11.25",
      "resolved": "https://registry.npmjs.org/@types/node/-/node-20.11.25.tgz",
      "integrity": "sha512-TBHyJxk2b7HceLVGFcpAUjsa5zIdsPWlR6XHfyGzd0SFu+/NFgQgMAl96MSDZgQDvJAvV6BKsFOrt6zIL09JDw==",
      "dev": true,
      "dependencies": {
        "undici-types": "~5.26.4"
      }
    },
    "node_modules/undici-types": {
      "version": "5.26.5",
      "resolved": "https://registry.npmjs.org/undici-types/-/undici-types-5.26.5.tgz",
      "integrity": "sha512-JlCMO+ehdEIKqlFxk6IfVoAUVmgz7cU7zD/h9XZ0qzeosSHmUJVOzSQvvYSYWXkFXC+IfLKSIffhv0sVZup6pA==",
      "dev": true
    }
  }
}
